// !$*UTF8*$!
{
	archiveVersion = 1;
	classes = {
	};
	objectVersion = 46;
	objects = {

/* Begin PBXBuildFile section */
		0E0364661B487424009B3650 /* FavoritesViewController.m in Sources */ = {isa = PBXBuildFile; fileRef = 0E0364651B487424009B3650 /* FavoritesViewController.m */; };
		0E1DDC8A1C2DD0DA00E0C28F /* MyProfile.m in Sources */ = {isa = PBXBuildFile; fileRef = 0E1DDC891C2DD0DA00E0C28F /* MyProfile.m */; };
		0E1DDC8E1C2DD47400E0C28F /* Avitar.m in Sources */ = {isa = PBXBuildFile; fileRef = 0E1DDC8D1C2DD47400E0C28F /* Avitar.m */; };
		0E1DDC911C2EF7B100E0C28F /* Badges.m in Sources */ = {isa = PBXBuildFile; fileRef = 0E1DDC901C2EF7B100E0C28F /* Badges.m */; };
		0E1DDC9A1C2F80BE00E0C28F /* Info.m in Sources */ = {isa = PBXBuildFile; fileRef = 0E1DDC991C2F80BE00E0C28F /* Info.m */; };
		0E1DDC9D1C30431400E0C28F /* Network.m in Sources */ = {isa = PBXBuildFile; fileRef = 0E1DDC9C1C30431400E0C28F /* Network.m */; };
		0E1DDCA01C3043AF00E0C28F /* Network_List.m in Sources */ = {isa = PBXBuildFile; fileRef = 0E1DDC9F1C3043AF00E0C28F /* Network_List.m */; };
		0E1DDCA21C3058E800E0C28F /* no_avatar.png in Resources */ = {isa = PBXBuildFile; fileRef = 0E1DDCA11C3058E800E0C28F /* no_avatar.png */; };
		0E1DDCAB1C33788200E0C28F /* Notes.m in Sources */ = {isa = PBXBuildFile; fileRef = 0E1DDCAA1C33788200E0C28F /* Notes.m */; };
		0E1DDCAE1C337C1900E0C28F /* NotesTableViewController.m in Sources */ = {isa = PBXBuildFile; fileRef = 0E1DDCAD1C337C1900E0C28F /* NotesTableViewController.m */; };
		0E22FCBA1B9E3732003E65B2 /* awesomeFace.png in Resources */ = {isa = PBXBuildFile; fileRef = 0E22FCB91B9E3732003E65B2 /* awesomeFace.png */; };
		0E24AEE51C2723C300236A8D /* TagsViewController.m in Sources */ = {isa = PBXBuildFile; fileRef = 0E24AEE41C2723C300236A8D /* TagsViewController.m */; };
		0E24AEE81C2723D800236A8D /* AddTagsViewController.m in Sources */ = {isa = PBXBuildFile; fileRef = 0E24AEE71C2723D800236A8D /* AddTagsViewController.m */; };
		0E24AEEF1C27297D00236A8D /* School.png in Resources */ = {isa = PBXBuildFile; fileRef = 0E24AEE91C27297D00236A8D /* School.png */; };
		0E24AEF01C27297D00236A8D /* Reg.png in Resources */ = {isa = PBXBuildFile; fileRef = 0E24AEEA1C27297D00236A8D /* Reg.png */; };
		0E24AEF11C27297D00236A8D /* Hobbies.png in Resources */ = {isa = PBXBuildFile; fileRef = 0E24AEEB1C27297D00236A8D /* Hobbies.png */; };
		0E24AEF21C27297D00236A8D /* Quirky.png in Resources */ = {isa = PBXBuildFile; fileRef = 0E24AEEC1C27297D00236A8D /* Quirky.png */; };
		0E24AEF31C27297D00236A8D /* PrimarilyHere.png in Resources */ = {isa = PBXBuildFile; fileRef = 0E24AEED1C27297D00236A8D /* PrimarilyHere.png */; };
		0E24AEF41C27297D00236A8D /* MeetMe.png in Resources */ = {isa = PBXBuildFile; fileRef = 0E24AEEE1C27297D00236A8D /* MeetMe.png */; };
		0E24AEF71C27359400236A8D /* SelectingTags.m in Sources */ = {isa = PBXBuildFile; fileRef = 0E24AEF61C27359400236A8D /* SelectingTags.m */; };
		0E2FA5071BEA4992001AEB5B /* Tags.m in Sources */ = {isa = PBXBuildFile; fileRef = 0E2FA5061BEA4992001AEB5B /* Tags.m */; };
		0E375FB11B77E51300AAABD1 /* Mission.m in Sources */ = {isa = PBXBuildFile; fileRef = 0E375FB01B77E51300AAABD1 /* Mission.m */; };
		0E375FB41B77EC3800AAABD1 /* MissionsListCompleted.m in Sources */ = {isa = PBXBuildFile; fileRef = 0E375FB31B77EC3800AAABD1 /* MissionsListCompleted.m */; };
		0E375FBC1B78035900AAABD1 /* 18449-small-green-check-mark-clip-art.png in Resources */ = {isa = PBXBuildFile; fileRef = 0E375FBB1B78035900AAABD1 /* 18449-small-green-check-mark-clip-art.png */; };
		0E4A42B41B70178F00A0C076 /* biotech.png in Resources */ = {isa = PBXBuildFile; fileRef = 0E4A42971B70178F00A0C076 /* biotech.png */; };
		0E4A42B51B70178F00A0C076 /* cseducation.png in Resources */ = {isa = PBXBuildFile; fileRef = 0E4A42981B70178F00A0C076 /* cseducation.png */; };
		0E4A42B61B70178F00A0C076 /* cstheory.png in Resources */ = {isa = PBXBuildFile; fileRef = 0E4A42991B70178F00A0C076 /* cstheory.png */; };
		0E4A42B71B70178F00A0C076 /* dbinfo-1.png in Resources */ = {isa = PBXBuildFile; fileRef = 0E4A429A1B70178F00A0C076 /* dbinfo-1.png */; };
		0E4A42B81B70178F00A0C076 /* gaming.png in Resources */ = {isa = PBXBuildFile; fileRef = 0E4A429B1B70178F00A0C076 /* gaming.png */; };
		0E4A42B91B70178F00A0C076 /* golden_mission.png in Resources */ = {isa = PBXBuildFile; fileRef = 0E4A429C1B70178F00A0C076 /* golden_mission.png */; };
		0E4A42BA1B70178F00A0C076 /* graphics.png in Resources */ = {isa = PBXBuildFile; fileRef = 0E4A429D1B70178F00A0C076 /* graphics.png */; };
		0E4A42BB1B70178F00A0C076 /* hardware.png in Resources */ = {isa = PBXBuildFile; fileRef = 0E4A429E1B70178F00A0C076 /* hardware.png */; };
		0E4A42BC1B70178F00A0C076 /* HCI.png in Resources */ = {isa = PBXBuildFile; fileRef = 0E4A429F1B70178F00A0C076 /* HCI.png */; };
		0E4A42BD1B70178F00A0C076 /* hobby_mission.png in Resources */ = {isa = PBXBuildFile; fileRef = 0E4A42A01B70178F00A0C076 /* hobby_mission.png */; };
		0E4A42BE1B70178F00A0C076 /* me.png in Resources */ = {isa = PBXBuildFile; fileRef = 0E4A42A11B70178F00A0C076 /* me.png */; };
		0E4A42BF1B70178F00A0C076 /* microtech.png in Resources */ = {isa = PBXBuildFile; fileRef = 0E4A42A21B70178F00A0C076 /* microtech.png */; };
		0E4A42C01B70178F00A0C076 /* mission.png in Resources */ = {isa = PBXBuildFile; fileRef = 0E4A42A31B70178F00A0C076 /* mission.png */; };
		0E4A42C11B70178F00A0C076 /* mobilewebdev.png in Resources */ = {isa = PBXBuildFile; fileRef = 0E4A42A41B70178F00A0C076 /* mobilewebdev.png */; };
		0E4A42C21B70178F00A0C076 /* network_mission.png in Resources */ = {isa = PBXBuildFile; fileRef = 0E4A42A51B70178F00A0C076 /* network_mission.png */; };
		0E4A42C31B70178F00A0C076 /* network_tip.png in Resources */ = {isa = PBXBuildFile; fileRef = 0E4A42A61B70178F00A0C076 /* network_tip.png */; };
		0E4A42C41B70178F00A0C076 /* network.png in Resources */ = {isa = PBXBuildFile; fileRef = 0E4A42A71B70178F00A0C076 /* network.png */; };
		0E4A42C51B70178F00A0C076 /* networkingsecurity.png in Resources */ = {isa = PBXBuildFile; fileRef = 0E4A42A81B70178F00A0C076 /* networkingsecurity.png */; };
		0E4A42C61B70178F00A0C076 /* random_mission.png in Resources */ = {isa = PBXBuildFile; fileRef = 0E4A42A91B70178F00A0C076 /* random_mission.png */; };
		0E4A42C71B70178F00A0C076 /* register.png in Resources */ = {isa = PBXBuildFile; fileRef = 0E4A42AA1B70178F00A0C076 /* register.png */; };
		0E4A42C81B70178F00A0C076 /* robotics.png in Resources */ = {isa = PBXBuildFile; fileRef = 0E4A42AB1B70178F00A0C076 /* robotics.png */; };
		0E4A42C91B70178F00A0C076 /* snag.png in Resources */ = {isa = PBXBuildFile; fileRef = 0E4A42AC1B70178F00A0C076 /* snag.png */; };
		0E4A42CA1B70178F00A0C076 /* snaglogo.png in Resources */ = {isa = PBXBuildFile; fileRef = 0E4A42AD1B70178F00A0C076 /* snaglogo.png */; };
		0E4A42CB1B70178F00A0C076 /* snaglogo2.png in Resources */ = {isa = PBXBuildFile; fileRef = 0E4A42AE1B70178F00A0C076 /* snaglogo2.png */; };
		0E4A42CC1B70178F00A0C076 /* sniper_mission.png in Resources */ = {isa = PBXBuildFile; fileRef = 0E4A42AF1B70178F00A0C076 /* sniper_mission.png */; };
		0E4A42CD1B70178F00A0C076 /* softwareengineering-1.png in Resources */ = {isa = PBXBuildFile; fileRef = 0E4A42B01B70178F00A0C076 /* softwareengineering-1.png */; };
		0E4A42CE1B70178F00A0C076 /* softwareengineering-2.png in Resources */ = {isa = PBXBuildFile; fileRef = 0E4A42B11B70178F00A0C076 /* softwareengineering-2.png */; };
		0E4A42CF1B70178F00A0C076 /* tag.png in Resources */ = {isa = PBXBuildFile; fileRef = 0E4A42B21B70178F00A0C076 /* tag.png */; };
		0E4A42D01B70178F00A0C076 /* team.png in Resources */ = {isa = PBXBuildFile; fileRef = 0E4A42B31B70178F00A0C076 /* team.png */; };
		0E51224D1B5F22D300A47F85 /* snaglogo_120.png in Resources */ = {isa = PBXBuildFile; fileRef = 0E51224B1B5F22D300A47F85 /* snaglogo_120.png */; };
		0E51224E1B5F22D300A47F85 /* snaglogo_180.png in Resources */ = {isa = PBXBuildFile; fileRef = 0E51224C1B5F22D300A47F85 /* snaglogo_180.png */; };
		0E68D4F91B321FB900BC8DD0 /* main.m in Sources */ = {isa = PBXBuildFile; fileRef = 0E68D4F81B321FB900BC8DD0 /* main.m */; };
		0E68D4FC1B321FB900BC8DD0 /* AppDelegate.m in Sources */ = {isa = PBXBuildFile; fileRef = 0E68D4FB1B321FB900BC8DD0 /* AppDelegate.m */; };
		0E68D4FF1B321FB900BC8DD0 /* ViewController.m in Sources */ = {isa = PBXBuildFile; fileRef = 0E68D4FE1B321FB900BC8DD0 /* ViewController.m */; };
		0E68D5021B321FB900BC8DD0 /* Main.storyboard in Resources */ = {isa = PBXBuildFile; fileRef = 0E68D5001B321FB900BC8DD0 /* Main.storyboard */; };
		0E68D5041B321FB900BC8DD0 /* Images.xcassets in Resources */ = {isa = PBXBuildFile; fileRef = 0E68D5031B321FB900BC8DD0 /* Images.xcassets */; };
		0E68D5071B321FB900BC8DD0 /* LaunchScreen.xib in Resources */ = {isa = PBXBuildFile; fileRef = 0E68D5051B321FB900BC8DD0 /* LaunchScreen.xib */; };
		0E68D5131B321FB900BC8DD0 /* Snag_emTests.m in Sources */ = {isa = PBXBuildFile; fileRef = 0E68D5121B321FB900BC8DD0 /* Snag_emTests.m */; };
		0E6E218A1C13D6AE00DFA22B /* Exit-25.png in Resources */ = {isa = PBXBuildFile; fileRef = 0E6E21851C13D6AE00DFA22B /* Exit-25.png */; };
		0E6E218B1C13D6AE00DFA22B /* Home-25.png in Resources */ = {isa = PBXBuildFile; fileRef = 0E6E21861C13D6AE00DFA22B /* Home-25.png */; };
		0E6E218C1C13D6AE00DFA22B /* Price Tag-25.png in Resources */ = {isa = PBXBuildFile; fileRef = 0E6E21871C13D6AE00DFA22B /* Price Tag-25.png */; };
		0E6E218D1C13D6AE00DFA22B /* User Group-25.png in Resources */ = {isa = PBXBuildFile; fileRef = 0E6E21881C13D6AE00DFA22B /* User Group-25.png */; };
		0E6E218E1C13D6AE00DFA22B /* User Male-25.png in Resources */ = {isa = PBXBuildFile; fileRef = 0E6E21891C13D6AE00DFA22B /* User Male-25.png */; };
		0E6E21901C13D78500DFA22B /* Active Directory-25.png in Resources */ = {isa = PBXBuildFile; fileRef = 0E6E218F1C13D78500DFA22B /* Active Directory-25.png */; };
		0E7359E21B5C0645002BFDD8 /* MBProgressHUD.m in Sources */ = {isa = PBXBuildFile; fileRef = 0E7359E11B5C0645002BFDD8 /* MBProgressHUD.m */; };
		0E7359EB1B5C4654002BFDD8 /* Mainpage.m in Sources */ = {isa = PBXBuildFile; fileRef = 0E7359EA1B5C4654002BFDD8 /* Mainpage.m */; };
		0E7359ED1B5C524A002BFDD8 /* me.png in Resources */ = {isa = PBXBuildFile; fileRef = 0E7359EC1B5C524A002BFDD8 /* me.png */; };
		0E7359EF1B5C7927002BFDD8 /* snaglogo2.png in Resources */ = {isa = PBXBuildFile; fileRef = 0E7359EE1B5C7927002BFDD8 /* snaglogo2.png */; };
		0E79E8B01BDEB2A400D83984 /* schools.txt in Resources */ = {isa = PBXBuildFile; fileRef = 0E79E8AF1BDEB2A400D83984 /* schools.txt */; };
		0E79E8B61BDEB55700D83984 /* Options.m in Sources */ = {isa = PBXBuildFile; fileRef = 0E79E8B51BDEB55700D83984 /* Options.m */; };
		0E8856BA1B38BCA6005925D9 /* Register.m in Sources */ = {isa = PBXBuildFile; fileRef = 0E8856B91B38BCA6005925D9 /* Register.m */; };
		0E8856BD1B38CD6A005925D9 /* TableViewCell.m in Sources */ = {isa = PBXBuildFile; fileRef = 0E8856BC1B38CD6A005925D9 /* TableViewCell.m */; };
		0E9F7F151B334204001EF40F /* PageContentViewController.m in Sources */ = {isa = PBXBuildFile; fileRef = 0E9F7F141B334204001EF40F /* PageContentViewController.m */; };
		0E9F7F181B334313001EF40F /* HowToPlay.m in Sources */ = {isa = PBXBuildFile; fileRef = 0E9F7F171B334313001EF40F /* HowToPlay.m */; };
		0EAA2BB61C370095008EB9B1 /* Note.m in Sources */ = {isa = PBXBuildFile; fileRef = 0EAA2BB51C370095008EB9B1 /* Note.m */; };
		0EAA2BB91C370EE4008EB9B1 /* AddNote.m in Sources */ = {isa = PBXBuildFile; fileRef = 0EAA2BB81C370EE4008EB9B1 /* AddNote.m */; };
		0EAA2BBD1C38399C008EB9B1 /* iCarousel.m in Sources */ = {isa = PBXBuildFile; fileRef = 0EAA2BBC1C38399C008EB9B1 /* iCarousel.m */; };
		0EAA2BBF1C38B32E008EB9B1 /* QuartzCore.framework in Frameworks */ = {isa = PBXBuildFile; fileRef = 0EAA2BBE1C38B32E008EB9B1 /* QuartzCore.framework */; };
		0EAA2BC11C38C7CA008EB9B1 /* messages.png in Resources */ = {isa = PBXBuildFile; fileRef = 0EAA2BC01C38C7CA008EB9B1 /* messages.png */; };
		0EAA2BC41C39AE54008EB9B1 /* Events.m in Sources */ = {isa = PBXBuildFile; fileRef = 0EAA2BC31C39AE54008EB9B1 /* Events.m */; };
		0EAA2BC71C39AE7F008EB9B1 /* Event.m in Sources */ = {isa = PBXBuildFile; fileRef = 0EAA2BC61C39AE7F008EB9B1 /* Event.m */; };
		0EAA2BCA1C39BFD7008EB9B1 /* Inbox_Message.m in Sources */ = {isa = PBXBuildFile; fileRef = 0EAA2BC91C39BFD7008EB9B1 /* Inbox_Message.m */; };
		0EAA2BD01C39C07B008EB9B1 /* Inbox.m in Sources */ = {isa = PBXBuildFile; fileRef = 0EAA2BCF1C39C07B008EB9B1 /* Inbox.m */; };
		0EAA2BD91C3CA9ED008EB9B1 /* Pre_Register.m in Sources */ = {isa = PBXBuildFile; fileRef = 0EAA2BD81C3CA9ED008EB9B1 /* Pre_Register.m */; };
		0EE114EA1B6995B4004D0C17 /* MissionsList.m in Sources */ = {isa = PBXBuildFile; fileRef = 0EE114E91B6995B3004D0C17 /* MissionsList.m */; };
		0EE32D1C1B366172007F813B /* SignInViewController.m in Sources */ = {isa = PBXBuildFile; fileRef = 0EE32D1B1B366172007F813B /* SignInViewController.m */; };
		0EEFB18D1BE97BBF00A47309 /* reveal-icon.png in Resources */ = {isa = PBXBuildFile; fileRef = 0EEFB18B1BE97BBF00A47309 /* reveal-icon.png */; };
		0EEFB18E1BE97BBF00A47309 /* reveal-icon@2x.png in Resources */ = {isa = PBXBuildFile; fileRef = 0EEFB18C1BE97BBF00A47309 /* reveal-icon@2x.png */; };
		0EEFB1911BE98CA600A47309 /* SWRevealViewController.m in Sources */ = {isa = PBXBuildFile; fileRef = 0EEFB1901BE98CA600A47309 /* SWRevealViewController.m */; };
		0EEFB1981BE992D500A47309 /* castle1.png in Resources */ = {isa = PBXBuildFile; fileRef = 0EEFB1921BE992D500A47309 /* castle1.png */; };
		0EEFB1991BE992D500A47309 /* castle2.png in Resources */ = {isa = PBXBuildFile; fileRef = 0EEFB1931BE992D500A47309 /* castle2.png */; };
		0EEFB19A1BE992D500A47309 /* castle3.png in Resources */ = {isa = PBXBuildFile; fileRef = 0EEFB1941BE992D500A47309 /* castle3.png */; };
		0EEFB19B1BE992D500A47309 /* castle4.png in Resources */ = {isa = PBXBuildFile; fileRef = 0EEFB1951BE992D500A47309 /* castle4.png */; };
		0EEFB19C1BE992D500A47309 /* castle5.png in Resources */ = {isa = PBXBuildFile; fileRef = 0EEFB1961BE992D500A47309 /* castle5.png */; };
		0EEFB19D1BE992D500A47309 /* castle6.png in Resources */ = {isa = PBXBuildFile; fileRef = 0EEFB1971BE992D500A47309 /* castle6.png */; };
		0EEFB19F1BE994E900A47309 /* bg3.png in Resources */ = {isa = PBXBuildFile; fileRef = 0EEFB19E1BE994E900A47309 /* bg3.png */; };
		0EEFB1A21BE9958C00A47309 /* ninja.png in Resources */ = {isa = PBXBuildFile; fileRef = 0EEFB1A01BE9958C00A47309 /* ninja.png */; };
		0EEFB1A31BE9958C00A47309 /* pirate.png in Resources */ = {isa = PBXBuildFile; fileRef = 0EEFB1A11BE9958C00A47309 /* pirate.png */; };
		0EEFB1A51BE9959400A47309 /* zombie.png in Resources */ = {isa = PBXBuildFile; fileRef = 0EEFB1A41BE9959400A47309 /* zombie.png */; };
		0EEFB1A81BE99FE600A47309 /* Teams.m in Sources */ = {isa = PBXBuildFile; fileRef = 0EEFB1A71BE99FE600A47309 /* Teams.m */; };
/* End PBXBuildFile section */

/* Begin PBXContainerItemProxy section */
		0E68D50D1B321FB900BC8DD0 /* PBXContainerItemProxy */ = {
			isa = PBXContainerItemProxy;
			containerPortal = 0E68D4EB1B321FB900BC8DD0 /* Project object */;
			proxyType = 1;
			remoteGlobalIDString = 0E68D4F21B321FB900BC8DD0;
			remoteInfo = "Snag'em";
		};
/* End PBXContainerItemProxy section */

/* Begin PBXFileReference section */
		0E0364641B487424009B3650 /* FavoritesViewController.h */ = {isa = PBXFileReference; fileEncoding = 4; lastKnownFileType = sourcecode.c.h; path = FavoritesViewController.h; sourceTree = "<group>"; };
		0E0364651B487424009B3650 /* FavoritesViewController.m */ = {isa = PBXFileReference; fileEncoding = 4; lastKnownFileType = sourcecode.c.objc; path = FavoritesViewController.m; sourceTree = "<group>"; };
		0E1DDC881C2DD0DA00E0C28F /* MyProfile.h */ = {isa = PBXFileReference; fileEncoding = 4; lastKnownFileType = sourcecode.c.h; name = MyProfile.h; path = ../MyProfile.h; sourceTree = "<group>"; };
		0E1DDC891C2DD0DA00E0C28F /* MyProfile.m */ = {isa = PBXFileReference; fileEncoding = 4; lastKnownFileType = sourcecode.c.objc; name = MyProfile.m; path = ../MyProfile.m; sourceTree = "<group>"; };
		0E1DDC8C1C2DD47400E0C28F /* Avitar.h */ = {isa = PBXFileReference; fileEncoding = 4; lastKnownFileType = sourcecode.c.h; path = Avitar.h; sourceTree = "<group>"; };
		0E1DDC8D1C2DD47400E0C28F /* Avitar.m */ = {isa = PBXFileReference; fileEncoding = 4; lastKnownFileType = sourcecode.c.objc; path = Avitar.m; sourceTree = "<group>"; };
		0E1DDC8F1C2EF7B100E0C28F /* Badges.h */ = {isa = PBXFileReference; fileEncoding = 4; lastKnownFileType = sourcecode.c.h; path = Badges.h; sourceTree = "<group>"; };
		0E1DDC901C2EF7B100E0C28F /* Badges.m */ = {isa = PBXFileReference; fileEncoding = 4; lastKnownFileType = sourcecode.c.objc; path = Badges.m; sourceTree = "<group>"; };
		0E1DDC981C2F80BE00E0C28F /* Info.h */ = {isa = PBXFileReference; fileEncoding = 4; lastKnownFileType = sourcecode.c.h; path = Info.h; sourceTree = "<group>"; };
		0E1DDC991C2F80BE00E0C28F /* Info.m */ = {isa = PBXFileReference; fileEncoding = 4; lastKnownFileType = sourcecode.c.objc; path = Info.m; sourceTree = "<group>"; };
		0E1DDC9B1C30431400E0C28F /* Network.h */ = {isa = PBXFileReference; fileEncoding = 4; lastKnownFileType = sourcecode.c.h; name = Network.h; path = ../Network.h; sourceTree = "<group>"; };
		0E1DDC9C1C30431400E0C28F /* Network.m */ = {isa = PBXFileReference; fileEncoding = 4; lastKnownFileType = sourcecode.c.objc; name = Network.m; path = ../Network.m; sourceTree = "<group>"; };
		0E1DDC9E1C3043AF00E0C28F /* Network_List.h */ = {isa = PBXFileReference; fileEncoding = 4; lastKnownFileType = sourcecode.c.h; path = Network_List.h; sourceTree = "<group>"; };
		0E1DDC9F1C3043AF00E0C28F /* Network_List.m */ = {isa = PBXFileReference; fileEncoding = 4; lastKnownFileType = sourcecode.c.objc; path = Network_List.m; sourceTree = "<group>"; };
		0E1DDCA11C3058E800E0C28F /* no_avatar.png */ = {isa = PBXFileReference; lastKnownFileType = image.png; path = no_avatar.png; sourceTree = SOURCE_ROOT; };
		0E1DDCA91C33788200E0C28F /* Notes.h */ = {isa = PBXFileReference; fileEncoding = 4; lastKnownFileType = sourcecode.c.h; name = Notes.h; path = ../Notes.h; sourceTree = "<group>"; };
		0E1DDCAA1C33788200E0C28F /* Notes.m */ = {isa = PBXFileReference; fileEncoding = 4; lastKnownFileType = sourcecode.c.objc; name = Notes.m; path = ../Notes.m; sourceTree = "<group>"; };
		0E1DDCAC1C337C1900E0C28F /* NotesTableViewController.h */ = {isa = PBXFileReference; fileEncoding = 4; lastKnownFileType = sourcecode.c.h; path = NotesTableViewController.h; sourceTree = "<group>"; };
		0E1DDCAD1C337C1900E0C28F /* NotesTableViewController.m */ = {isa = PBXFileReference; fileEncoding = 4; lastKnownFileType = sourcecode.c.objc; path = NotesTableViewController.m; sourceTree = "<group>"; };
		0E22FCB91B9E3732003E65B2 /* awesomeFace.png */ = {isa = PBXFileReference; lastKnownFileType = image.png; path = awesomeFace.png; sourceTree = "<group>"; };
		0E24AEE31C2723C300236A8D /* TagsViewController.h */ = {isa = PBXFileReference; fileEncoding = 4; lastKnownFileType = sourcecode.c.h; path = TagsViewController.h; sourceTree = "<group>"; };
		0E24AEE41C2723C300236A8D /* TagsViewController.m */ = {isa = PBXFileReference; fileEncoding = 4; lastKnownFileType = sourcecode.c.objc; path = TagsViewController.m; sourceTree = "<group>"; };
		0E24AEE61C2723D800236A8D /* AddTagsViewController.h */ = {isa = PBXFileReference; fileEncoding = 4; lastKnownFileType = sourcecode.c.h; path = AddTagsViewController.h; sourceTree = "<group>"; };
		0E24AEE71C2723D800236A8D /* AddTagsViewController.m */ = {isa = PBXFileReference; fileEncoding = 4; lastKnownFileType = sourcecode.c.objc; path = AddTagsViewController.m; sourceTree = "<group>"; };
		0E24AEE91C27297D00236A8D /* School.png */ = {isa = PBXFileReference; lastKnownFileType = image.png; path = School.png; sourceTree = SOURCE_ROOT; };
		0E24AEEA1C27297D00236A8D /* Reg.png */ = {isa = PBXFileReference; lastKnownFileType = image.png; path = Reg.png; sourceTree = SOURCE_ROOT; };
		0E24AEEB1C27297D00236A8D /* Hobbies.png */ = {isa = PBXFileReference; lastKnownFileType = image.png; path = Hobbies.png; sourceTree = SOURCE_ROOT; };
		0E24AEEC1C27297D00236A8D /* Quirky.png */ = {isa = PBXFileReference; lastKnownFileType = image.png; path = Quirky.png; sourceTree = SOURCE_ROOT; };
		0E24AEED1C27297D00236A8D /* PrimarilyHere.png */ = {isa = PBXFileReference; lastKnownFileType = image.png; path = PrimarilyHere.png; sourceTree = SOURCE_ROOT; };
		0E24AEEE1C27297D00236A8D /* MeetMe.png */ = {isa = PBXFileReference; lastKnownFileType = image.png; path = MeetMe.png; sourceTree = SOURCE_ROOT; };
		0E24AEF51C27359400236A8D /* SelectingTags.h */ = {isa = PBXFileReference; fileEncoding = 4; lastKnownFileType = sourcecode.c.h; path = SelectingTags.h; sourceTree = "<group>"; };
		0E24AEF61C27359400236A8D /* SelectingTags.m */ = {isa = PBXFileReference; fileEncoding = 4; lastKnownFileType = sourcecode.c.objc; path = SelectingTags.m; sourceTree = "<group>"; };
		0E2FA5051BEA4992001AEB5B /* Tags.h */ = {isa = PBXFileReference; fileEncoding = 4; lastKnownFileType = sourcecode.c.h; path = Tags.h; sourceTree = "<group>"; };
		0E2FA5061BEA4992001AEB5B /* Tags.m */ = {isa = PBXFileReference; fileEncoding = 4; lastKnownFileType = sourcecode.c.objc; path = Tags.m; sourceTree = "<group>"; };
		0E375FB01B77E51300AAABD1 /* Mission.m */ = {isa = PBXFileReference; fileEncoding = 4; lastKnownFileType = sourcecode.c.objc; path = Mission.m; sourceTree = SOURCE_ROOT; };
		0E375FB21B77EC3800AAABD1 /* MissionsListCompleted.h */ = {isa = PBXFileReference; fileEncoding = 4; lastKnownFileType = sourcecode.c.h; path = MissionsListCompleted.h; sourceTree = "<group>"; };
		0E375FB31B77EC3800AAABD1 /* MissionsListCompleted.m */ = {isa = PBXFileReference; fileEncoding = 4; lastKnownFileType = sourcecode.c.objc; path = MissionsListCompleted.m; sourceTree = "<group>"; };
		0E375FBB1B78035900AAABD1 /* 18449-small-green-check-mark-clip-art.png */ = {isa = PBXFileReference; lastKnownFileType = image.png; path = "18449-small-green-check-mark-clip-art.png"; sourceTree = SOURCE_ROOT; };
		0E4A42971B70178F00A0C076 /* biotech.png */ = {isa = PBXFileReference; lastKnownFileType = image.png; name = biotech.png; path = images/biotech.png; sourceTree = SOURCE_ROOT; };
		0E4A42981B70178F00A0C076 /* cseducation.png */ = {isa = PBXFileReference; lastKnownFileType = image.png; name = cseducation.png; path = images/cseducation.png; sourceTree = SOURCE_ROOT; };
		0E4A42991B70178F00A0C076 /* cstheory.png */ = {isa = PBXFileReference; lastKnownFileType = image.png; name = cstheory.png; path = images/cstheory.png; sourceTree = SOURCE_ROOT; };
		0E4A429A1B70178F00A0C076 /* dbinfo-1.png */ = {isa = PBXFileReference; lastKnownFileType = image.png; name = "dbinfo-1.png"; path = "images/dbinfo-1.png"; sourceTree = SOURCE_ROOT; };
		0E4A429B1B70178F00A0C076 /* gaming.png */ = {isa = PBXFileReference; lastKnownFileType = image.png; name = gaming.png; path = images/gaming.png; sourceTree = SOURCE_ROOT; };
		0E4A429C1B70178F00A0C076 /* golden_mission.png */ = {isa = PBXFileReference; lastKnownFileType = image.png; name = golden_mission.png; path = images/golden_mission.png; sourceTree = SOURCE_ROOT; };
		0E4A429D1B70178F00A0C076 /* graphics.png */ = {isa = PBXFileReference; lastKnownFileType = image.png; name = graphics.png; path = images/graphics.png; sourceTree = SOURCE_ROOT; };
		0E4A429E1B70178F00A0C076 /* hardware.png */ = {isa = PBXFileReference; lastKnownFileType = image.png; name = hardware.png; path = images/hardware.png; sourceTree = SOURCE_ROOT; };
		0E4A429F1B70178F00A0C076 /* HCI.png */ = {isa = PBXFileReference; lastKnownFileType = image.png; name = HCI.png; path = images/HCI.png; sourceTree = SOURCE_ROOT; };
		0E4A42A01B70178F00A0C076 /* hobby_mission.png */ = {isa = PBXFileReference; lastKnownFileType = image.png; name = hobby_mission.png; path = images/hobby_mission.png; sourceTree = SOURCE_ROOT; };
		0E4A42A11B70178F00A0C076 /* me.png */ = {isa = PBXFileReference; lastKnownFileType = image.png; name = me.png; path = images/me.png; sourceTree = SOURCE_ROOT; };
		0E4A42A21B70178F00A0C076 /* microtech.png */ = {isa = PBXFileReference; lastKnownFileType = image.png; name = microtech.png; path = images/microtech.png; sourceTree = SOURCE_ROOT; };
		0E4A42A31B70178F00A0C076 /* mission.png */ = {isa = PBXFileReference; lastKnownFileType = image.png; name = mission.png; path = images/mission.png; sourceTree = SOURCE_ROOT; };
		0E4A42A41B70178F00A0C076 /* mobilewebdev.png */ = {isa = PBXFileReference; lastKnownFileType = image.png; name = mobilewebdev.png; path = images/mobilewebdev.png; sourceTree = SOURCE_ROOT; };
		0E4A42A51B70178F00A0C076 /* network_mission.png */ = {isa = PBXFileReference; lastKnownFileType = image.png; name = network_mission.png; path = images/network_mission.png; sourceTree = SOURCE_ROOT; };
		0E4A42A61B70178F00A0C076 /* network_tip.png */ = {isa = PBXFileReference; lastKnownFileType = image.png; name = network_tip.png; path = images/network_tip.png; sourceTree = SOURCE_ROOT; };
		0E4A42A71B70178F00A0C076 /* network.png */ = {isa = PBXFileReference; lastKnownFileType = image.png; name = network.png; path = images/network.png; sourceTree = SOURCE_ROOT; };
		0E4A42A81B70178F00A0C076 /* networkingsecurity.png */ = {isa = PBXFileReference; lastKnownFileType = image.png; name = networkingsecurity.png; path = images/networkingsecurity.png; sourceTree = SOURCE_ROOT; };
		0E4A42A91B70178F00A0C076 /* random_mission.png */ = {isa = PBXFileReference; lastKnownFileType = image.png; name = random_mission.png; path = images/random_mission.png; sourceTree = SOURCE_ROOT; };
		0E4A42AA1B70178F00A0C076 /* register.png */ = {isa = PBXFileReference; lastKnownFileType = image.png; name = register.png; path = images/register.png; sourceTree = SOURCE_ROOT; };
		0E4A42AB1B70178F00A0C076 /* robotics.png */ = {isa = PBXFileReference; lastKnownFileType = image.png; name = robotics.png; path = images/robotics.png; sourceTree = SOURCE_ROOT; };
		0E4A42AC1B70178F00A0C076 /* snag.png */ = {isa = PBXFileReference; lastKnownFileType = image.png; name = snag.png; path = images/snag.png; sourceTree = SOURCE_ROOT; };
		0E4A42AD1B70178F00A0C076 /* snaglogo.png */ = {isa = PBXFileReference; lastKnownFileType = image.png; name = snaglogo.png; path = images/snaglogo.png; sourceTree = SOURCE_ROOT; };
		0E4A42AE1B70178F00A0C076 /* snaglogo2.png */ = {isa = PBXFileReference; lastKnownFileType = image.png; name = snaglogo2.png; path = images/snaglogo2.png; sourceTree = SOURCE_ROOT; };
		0E4A42AF1B70178F00A0C076 /* sniper_mission.png */ = {isa = PBXFileReference; lastKnownFileType = image.png; name = sniper_mission.png; path = images/sniper_mission.png; sourceTree = SOURCE_ROOT; };
		0E4A42B01B70178F00A0C076 /* softwareengineering-1.png */ = {isa = PBXFileReference; lastKnownFileType = image.png; name = "softwareengineering-1.png"; path = "images/softwareengineering-1.png"; sourceTree = SOURCE_ROOT; };
		0E4A42B11B70178F00A0C076 /* softwareengineering-2.png */ = {isa = PBXFileReference; lastKnownFileType = image.png; name = "softwareengineering-2.png"; path = "images/softwareengineering-2.png"; sourceTree = SOURCE_ROOT; };
		0E4A42B21B70178F00A0C076 /* tag.png */ = {isa = PBXFileReference; lastKnownFileType = image.png; name = tag.png; path = images/tag.png; sourceTree = SOURCE_ROOT; };
		0E4A42B31B70178F00A0C076 /* team.png */ = {isa = PBXFileReference; lastKnownFileType = image.png; name = team.png; path = images/team.png; sourceTree = SOURCE_ROOT; };
		0E51224B1B5F22D300A47F85 /* snaglogo_120.png */ = {isa = PBXFileReference; lastKnownFileType = image.png; name = snaglogo_120.png; path = "App Icons/snaglogo_120.png"; sourceTree = SOURCE_ROOT; };
		0E51224C1B5F22D300A47F85 /* snaglogo_180.png */ = {isa = PBXFileReference; lastKnownFileType = image.png; name = snaglogo_180.png; path = "App Icons/snaglogo_180.png"; sourceTree = SOURCE_ROOT; };
		0E68D4F31B321FB900BC8DD0 /* Snag'em.app */ = {isa = PBXFileReference; explicitFileType = wrapper.application; includeInIndex = 0; path = "Snag'em.app"; sourceTree = BUILT_PRODUCTS_DIR; };
		0E68D4F71B321FB900BC8DD0 /* Info.plist */ = {isa = PBXFileReference; lastKnownFileType = text.plist.xml; path = Info.plist; sourceTree = "<group>"; };
		0E68D4F81B321FB900BC8DD0 /* main.m */ = {isa = PBXFileReference; lastKnownFileType = sourcecode.c.objc; path = main.m; sourceTree = "<group>"; };
		0E68D4FA1B321FB900BC8DD0 /* AppDelegate.h */ = {isa = PBXFileReference; lastKnownFileType = sourcecode.c.h; path = AppDelegate.h; sourceTree = "<group>"; };
		0E68D4FB1B321FB900BC8DD0 /* AppDelegate.m */ = {isa = PBXFileReference; lastKnownFileType = sourcecode.c.objc; path = AppDelegate.m; sourceTree = "<group>"; };
		0E68D4FD1B321FB900BC8DD0 /* ViewController.h */ = {isa = PBXFileReference; lastKnownFileType = sourcecode.c.h; path = ViewController.h; sourceTree = "<group>"; };
		0E68D4FE1B321FB900BC8DD0 /* ViewController.m */ = {isa = PBXFileReference; lastKnownFileType = sourcecode.c.objc; path = ViewController.m; sourceTree = "<group>"; };
		0E68D5011B321FB900BC8DD0 /* Base */ = {isa = PBXFileReference; lastKnownFileType = file.storyboard; name = Base; path = Base.lproj/Main.storyboard; sourceTree = "<group>"; };
		0E68D5031B321FB900BC8DD0 /* Images.xcassets */ = {isa = PBXFileReference; lastKnownFileType = folder.assetcatalog; path = Images.xcassets; sourceTree = "<group>"; };
		0E68D5061B321FB900BC8DD0 /* Base */ = {isa = PBXFileReference; lastKnownFileType = file.xib; name = Base; path = Base.lproj/LaunchScreen.xib; sourceTree = "<group>"; };
		0E68D50C1B321FB900BC8DD0 /* Snag'emTests.xctest */ = {isa = PBXFileReference; explicitFileType = wrapper.cfbundle; includeInIndex = 0; path = "Snag'emTests.xctest"; sourceTree = BUILT_PRODUCTS_DIR; };
		0E68D5111B321FB900BC8DD0 /* Info.plist */ = {isa = PBXFileReference; lastKnownFileType = text.plist.xml; path = Info.plist; sourceTree = "<group>"; };
		0E68D5121B321FB900BC8DD0 /* Snag_emTests.m */ = {isa = PBXFileReference; lastKnownFileType = sourcecode.c.objc; path = Snag_emTests.m; sourceTree = "<group>"; };
		0E6E21851C13D6AE00DFA22B /* Exit-25.png */ = {isa = PBXFileReference; lastKnownFileType = image.png; name = "Exit-25.png"; path = "Icons/Exit-25.png"; sourceTree = SOURCE_ROOT; };
		0E6E21861C13D6AE00DFA22B /* Home-25.png */ = {isa = PBXFileReference; lastKnownFileType = image.png; name = "Home-25.png"; path = "Icons/Home-25.png"; sourceTree = SOURCE_ROOT; };
		0E6E21871C13D6AE00DFA22B /* Price Tag-25.png */ = {isa = PBXFileReference; lastKnownFileType = image.png; name = "Price Tag-25.png"; path = "Icons/Price Tag-25.png"; sourceTree = SOURCE_ROOT; };
		0E6E21881C13D6AE00DFA22B /* User Group-25.png */ = {isa = PBXFileReference; lastKnownFileType = image.png; name = "User Group-25.png"; path = "Icons/User Group-25.png"; sourceTree = SOURCE_ROOT; };
		0E6E21891C13D6AE00DFA22B /* User Male-25.png */ = {isa = PBXFileReference; lastKnownFileType = image.png; name = "User Male-25.png"; path = "Icons/User Male-25.png"; sourceTree = SOURCE_ROOT; };
		0E6E218F1C13D78500DFA22B /* Active Directory-25.png */ = {isa = PBXFileReference; lastKnownFileType = image.png; name = "Active Directory-25.png"; path = "Icons/Active Directory-25.png"; sourceTree = SOURCE_ROOT; };
		0E7359E01B5C0645002BFDD8 /* MBProgressHUD.h */ = {isa = PBXFileReference; fileEncoding = 4; lastKnownFileType = sourcecode.c.h; path = MBProgressHUD.h; sourceTree = "<group>"; };
		0E7359E11B5C0645002BFDD8 /* MBProgressHUD.m */ = {isa = PBXFileReference; fileEncoding = 4; lastKnownFileType = sourcecode.c.objc; path = MBProgressHUD.m; sourceTree = "<group>"; };
		0E7359E91B5C4654002BFDD8 /* Mainpage.h */ = {isa = PBXFileReference; fileEncoding = 4; lastKnownFileType = sourcecode.c.h; path = Mainpage.h; sourceTree = "<group>"; };
		0E7359EA1B5C4654002BFDD8 /* Mainpage.m */ = {isa = PBXFileReference; fileEncoding = 4; lastKnownFileType = sourcecode.c.objc; path = Mainpage.m; sourceTree = "<group>"; };
		0E7359EC1B5C524A002BFDD8 /* me.png */ = {isa = PBXFileReference; lastKnownFileType = image.png; path = me.png; sourceTree = "<group>"; };
		0E7359EE1B5C7927002BFDD8 /* snaglogo2.png */ = {isa = PBXFileReference; lastKnownFileType = image.png; path = snaglogo2.png; sourceTree = "<group>"; };
		0E79E8AF1BDEB2A400D83984 /* schools.txt */ = {isa = PBXFileReference; fileEncoding = 4; lastKnownFileType = text; path = schools.txt; sourceTree = SOURCE_ROOT; };
		0E79E8B41BDEB55700D83984 /* Options.h */ = {isa = PBXFileReference; fileEncoding = 4; lastKnownFileType = sourcecode.c.h; path = Options.h; sourceTree = "<group>"; };
		0E79E8B51BDEB55700D83984 /* Options.m */ = {isa = PBXFileReference; fileEncoding = 4; lastKnownFileType = sourcecode.c.objc; path = Options.m; sourceTree = "<group>"; };
		0E8856B81B38BCA6005925D9 /* Register.h */ = {isa = PBXFileReference; fileEncoding = 4; lastKnownFileType = sourcecode.c.h; name = Register.h; path = ../Register.h; sourceTree = "<group>"; };
		0E8856B91B38BCA6005925D9 /* Register.m */ = {isa = PBXFileReference; fileEncoding = 4; lastKnownFileType = sourcecode.c.objc; name = Register.m; path = ../Register.m; sourceTree = "<group>"; };
		0E8856BB1B38CD6A005925D9 /* TableViewCell.h */ = {isa = PBXFileReference; fileEncoding = 4; lastKnownFileType = sourcecode.c.h; path = TableViewCell.h; sourceTree = "<group>"; };
		0E8856BC1B38CD6A005925D9 /* TableViewCell.m */ = {isa = PBXFileReference; fileEncoding = 4; lastKnownFileType = sourcecode.c.objc; path = TableViewCell.m; sourceTree = "<group>"; };
		0E9F7F131B334204001EF40F /* PageContentViewController.h */ = {isa = PBXFileReference; fileEncoding = 4; lastKnownFileType = sourcecode.c.h; path = PageContentViewController.h; sourceTree = "<group>"; };
		0E9F7F141B334204001EF40F /* PageContentViewController.m */ = {isa = PBXFileReference; fileEncoding = 4; lastKnownFileType = sourcecode.c.objc; path = PageContentViewController.m; sourceTree = "<group>"; };
		0E9F7F161B334313001EF40F /* HowToPlay.h */ = {isa = PBXFileReference; fileEncoding = 4; lastKnownFileType = sourcecode.c.h; path = HowToPlay.h; sourceTree = "<group>"; };
		0E9F7F171B334313001EF40F /* HowToPlay.m */ = {isa = PBXFileReference; fileEncoding = 4; lastKnownFileType = sourcecode.c.objc; path = HowToPlay.m; sourceTree = "<group>"; };
		0EAA2BB41C370095008EB9B1 /* Note.h */ = {isa = PBXFileReference; fileEncoding = 4; lastKnownFileType = sourcecode.c.h; path = Note.h; sourceTree = "<group>"; };
		0EAA2BB51C370095008EB9B1 /* Note.m */ = {isa = PBXFileReference; fileEncoding = 4; lastKnownFileType = sourcecode.c.objc; path = Note.m; sourceTree = "<group>"; };
		0EAA2BB71C370EE4008EB9B1 /* AddNote.h */ = {isa = PBXFileReference; fileEncoding = 4; lastKnownFileType = sourcecode.c.h; path = AddNote.h; sourceTree = "<group>"; };
		0EAA2BB81C370EE4008EB9B1 /* AddNote.m */ = {isa = PBXFileReference; fileEncoding = 4; lastKnownFileType = sourcecode.c.objc; path = AddNote.m; sourceTree = "<group>"; };
		0EAA2BBB1C38399C008EB9B1 /* iCarousel.h */ = {isa = PBXFileReference; fileEncoding = 4; lastKnownFileType = sourcecode.c.h; path = iCarousel.h; sourceTree = "<group>"; };
		0EAA2BBC1C38399C008EB9B1 /* iCarousel.m */ = {isa = PBXFileReference; fileEncoding = 4; lastKnownFileType = sourcecode.c.objc; path = iCarousel.m; sourceTree = "<group>"; };
		0EAA2BBE1C38B32E008EB9B1 /* QuartzCore.framework */ = {isa = PBXFileReference; lastKnownFileType = wrapper.framework; name = QuartzCore.framework; path = System/Library/Frameworks/QuartzCore.framework; sourceTree = SDKROOT; };
		0EAA2BC01C38C7CA008EB9B1 /* messages.png */ = {isa = PBXFileReference; lastKnownFileType = image.png; path = messages.png; sourceTree = SOURCE_ROOT; };
		0EAA2BC21C39AE54008EB9B1 /* Events.h */ = {isa = PBXFileReference; fileEncoding = 4; lastKnownFileType = sourcecode.c.h; path = Events.h; sourceTree = "<group>"; };
		0EAA2BC31C39AE54008EB9B1 /* Events.m */ = {isa = PBXFileReference; fileEncoding = 4; lastKnownFileType = sourcecode.c.objc; path = Events.m; sourceTree = "<group>"; };
		0EAA2BC51C39AE7F008EB9B1 /* Event.h */ = {isa = PBXFileReference; fileEncoding = 4; lastKnownFileType = sourcecode.c.h; path = Event.h; sourceTree = "<group>"; };
		0EAA2BC61C39AE7F008EB9B1 /* Event.m */ = {isa = PBXFileReference; fileEncoding = 4; lastKnownFileType = sourcecode.c.objc; path = Event.m; sourceTree = "<group>"; };
		0EAA2BC81C39BFD7008EB9B1 /* Inbox_Message.h */ = {isa = PBXFileReference; fileEncoding = 4; lastKnownFileType = sourcecode.c.h; path = Inbox_Message.h; sourceTree = "<group>"; };
		0EAA2BC91C39BFD7008EB9B1 /* Inbox_Message.m */ = {isa = PBXFileReference; fileEncoding = 4; lastKnownFileType = sourcecode.c.objc; path = Inbox_Message.m; sourceTree = "<group>"; };
		0EAA2BCE1C39C07B008EB9B1 /* Inbox.h */ = {isa = PBXFileReference; fileEncoding = 4; lastKnownFileType = sourcecode.c.h; name = Inbox.h; path = ../Inbox.h; sourceTree = "<group>"; };
		0EAA2BCF1C39C07B008EB9B1 /* Inbox.m */ = {isa = PBXFileReference; fileEncoding = 4; lastKnownFileType = sourcecode.c.objc; name = Inbox.m; path = ../Inbox.m; sourceTree = "<group>"; };
		0EAA2BD71C3CA9ED008EB9B1 /* Pre_Register.h */ = {isa = PBXFileReference; fileEncoding = 4; lastKnownFileType = sourcecode.c.h; name = Pre_Register.h; path = ../Pre_Register.h; sourceTree = "<group>"; };
		0EAA2BD81C3CA9ED008EB9B1 /* Pre_Register.m */ = {isa = PBXFileReference; fileEncoding = 4; lastKnownFileType = sourcecode.c.objc; name = Pre_Register.m; path = ../Pre_Register.m; sourceTree = "<group>"; };
		0EE114E81B6995B3004D0C17 /* MissionsList.h */ = {isa = PBXFileReference; fileEncoding = 4; lastKnownFileType = sourcecode.c.h; path = MissionsList.h; sourceTree = "<group>"; };
		0EE114E91B6995B3004D0C17 /* MissionsList.m */ = {isa = PBXFileReference; fileEncoding = 4; lastKnownFileType = sourcecode.c.objc; path = MissionsList.m; sourceTree = "<group>"; };
		0EE32D1A1B366172007F813B /* SignInViewController.h */ = {isa = PBXFileReference; fileEncoding = 4; lastKnownFileType = sourcecode.c.h; path = SignInViewController.h; sourceTree = "<group>"; };
		0EE32D1B1B366172007F813B /* SignInViewController.m */ = {isa = PBXFileReference; fileEncoding = 4; lastKnownFileType = sourcecode.c.objc; path = SignInViewController.m; sourceTree = "<group>"; };
		0EEFB18B1BE97BBF00A47309 /* reveal-icon.png */ = {isa = PBXFileReference; lastKnownFileType = image.png; path = "reveal-icon.png"; sourceTree = SOURCE_ROOT; };
		0EEFB18C1BE97BBF00A47309 /* reveal-icon@2x.png */ = {isa = PBXFileReference; lastKnownFileType = image.png; path = "reveal-icon@2x.png"; sourceTree = SOURCE_ROOT; };
		0EEFB18F1BE98CA600A47309 /* SWRevealViewController.h */ = {isa = PBXFileReference; fileEncoding = 4; lastKnownFileType = sourcecode.c.h; path = SWRevealViewController.h; sourceTree = SOURCE_ROOT; };
		0EEFB1901BE98CA600A47309 /* SWRevealViewController.m */ = {isa = PBXFileReference; fileEncoding = 4; lastKnownFileType = sourcecode.c.objc; path = SWRevealViewController.m; sourceTree = SOURCE_ROOT; };
		0EEFB1921BE992D500A47309 /* castle1.png */ = {isa = PBXFileReference; lastKnownFileType = image.png; path = castle1.png; sourceTree = SOURCE_ROOT; };
		0EEFB1931BE992D500A47309 /* castle2.png */ = {isa = PBXFileReference; lastKnownFileType = image.png; path = castle2.png; sourceTree = SOURCE_ROOT; };
		0EEFB1941BE992D500A47309 /* castle3.png */ = {isa = PBXFileReference; lastKnownFileType = image.png; path = castle3.png; sourceTree = SOURCE_ROOT; };
		0EEFB1951BE992D500A47309 /* castle4.png */ = {isa = PBXFileReference; lastKnownFileType = image.png; path = castle4.png; sourceTree = SOURCE_ROOT; };
		0EEFB1961BE992D500A47309 /* castle5.png */ = {isa = PBXFileReference; lastKnownFileType = image.png; path = castle5.png; sourceTree = SOURCE_ROOT; };
		0EEFB1971BE992D500A47309 /* castle6.png */ = {isa = PBXFileReference; lastKnownFileType = image.png; path = castle6.png; sourceTree = SOURCE_ROOT; };
		0EEFB19E1BE994E900A47309 /* bg3.png */ = {isa = PBXFileReference; lastKnownFileType = image.png; path = bg3.png; sourceTree = SOURCE_ROOT; };
		0EEFB1A01BE9958C00A47309 /* ninja.png */ = {isa = PBXFileReference; lastKnownFileType = image.png; path = ninja.png; sourceTree = SOURCE_ROOT; };
		0EEFB1A11BE9958C00A47309 /* pirate.png */ = {isa = PBXFileReference; lastKnownFileType = image.png; path = pirate.png; sourceTree = SOURCE_ROOT; };
		0EEFB1A41BE9959400A47309 /* zombie.png */ = {isa = PBXFileReference; lastKnownFileType = image.png; path = zombie.png; sourceTree = SOURCE_ROOT; };
		0EEFB1A61BE99FE600A47309 /* Teams.h */ = {isa = PBXFileReference; fileEncoding = 4; lastKnownFileType = sourcecode.c.h; name = Teams.h; path = ../Teams.h; sourceTree = "<group>"; };
		0EEFB1A71BE99FE600A47309 /* Teams.m */ = {isa = PBXFileReference; fileEncoding = 4; lastKnownFileType = sourcecode.c.objc; name = Teams.m; path = ../Teams.m; sourceTree = "<group>"; };
		0EFC523B1B68624900FA4EE6 /* Mission.h */ = {isa = PBXFileReference; fileEncoding = 4; lastKnownFileType = sourcecode.c.h; path = Mission.h; sourceTree = "<group>"; };
/* End PBXFileReference section */

/* Begin PBXFrameworksBuildPhase section */
		0E68D4F01B321FB900BC8DD0 /* Frameworks */ = {
			isa = PBXFrameworksBuildPhase;
			buildActionMask = 2147483647;
			files = (
				0EAA2BBF1C38B32E008EB9B1 /* QuartzCore.framework in Frameworks */,
			);
			runOnlyForDeploymentPostprocessing = 0;
		};
		0E68D5091B321FB900BC8DD0 /* Frameworks */ = {
			isa = PBXFrameworksBuildPhase;
			buildActionMask = 2147483647;
			files = (
			);
			runOnlyForDeploymentPostprocessing = 0;
		};
/* End PBXFrameworksBuildPhase section */

/* Begin PBXGroup section */
		0E1DDC8B1C2DD43D00E0C28F /* ProfileCells */ = {
			isa = PBXGroup;
			children = (
				0E8856BB1B38CD6A005925D9 /* TableViewCell.h */,
				0E8856BC1B38CD6A005925D9 /* TableViewCell.m */,
				0EAA2BC51C39AE7F008EB9B1 /* Event.h */,
				0EAA2BC61C39AE7F008EB9B1 /* Event.m */,
				0E1DDC8C1C2DD47400E0C28F /* Avitar.h */,
				0E1DDC8D1C2DD47400E0C28F /* Avitar.m */,
				0E1DDC8F1C2EF7B100E0C28F /* Badges.h */,
				0E1DDC901C2EF7B100E0C28F /* Badges.m */,
				0E1DDC981C2F80BE00E0C28F /* Info.h */,
				0E1DDC991C2F80BE00E0C28F /* Info.m */,
				0E1DDC9E1C3043AF00E0C28F /* Network_List.h */,
				0E1DDC9F1C3043AF00E0C28F /* Network_List.m */,
				0EAA2BB41C370095008EB9B1 /* Note.h */,
				0EAA2BB51C370095008EB9B1 /* Note.m */,
				0EAA2BC81C39BFD7008EB9B1 /* Inbox_Message.h */,
				0EAA2BC91C39BFD7008EB9B1 /* Inbox_Message.m */,
			);
			name = ProfileCells;
			sourceTree = "<group>";
		};
		0E1DDCA61C3377B500E0C28F /* Before Session */ = {
			isa = PBXGroup;
			children = (
				0EE32D1A1B366172007F813B /* SignInViewController.h */,
				0EE32D1B1B366172007F813B /* SignInViewController.m */,
				0EAA2BD71C3CA9ED008EB9B1 /* Pre_Register.h */,
				0EAA2BD81C3CA9ED008EB9B1 /* Pre_Register.m */,
				0E68D4FD1B321FB900BC8DD0 /* ViewController.h */,
				0E68D4FE1B321FB900BC8DD0 /* ViewController.m */,
				0E8856B81B38BCA6005925D9 /* Register.h */,
				0E8856B91B38BCA6005925D9 /* Register.m */,
				0E0364641B487424009B3650 /* FavoritesViewController.h */,
				0E0364651B487424009B3650 /* FavoritesViewController.m */,
			);
			name = "Before Session";
			sourceTree = "<group>";
		};
		0E1DDCA71C3377EC00E0C28F /* Utilities */ = {
			isa = PBXGroup;
			children = (
				0EAA2BBB1C38399C008EB9B1 /* iCarousel.h */,
				0EAA2BBC1C38399C008EB9B1 /* iCarousel.m */,
				0E7359E01B5C0645002BFDD8 /* MBProgressHUD.h */,
				0E7359E11B5C0645002BFDD8 /* MBProgressHUD.m */,
				0E9F7F131B334204001EF40F /* PageContentViewController.h */,
				0E9F7F141B334204001EF40F /* PageContentViewController.m */,
				0EEFB18F1BE98CA600A47309 /* SWRevealViewController.h */,
				0EEFB1901BE98CA600A47309 /* SWRevealViewController.m */,
			);
			name = Utilities;
			sourceTree = "<group>";
		};
		0E1DDCA81C33781D00E0C28F /* MIssions */ = {
			isa = PBXGroup;
			children = (
				0EE114E81B6995B3004D0C17 /* MissionsList.h */,
				0EE114E91B6995B3004D0C17 /* MissionsList.m */,
				0E375FB21B77EC3800AAABD1 /* MissionsListCompleted.h */,
				0E375FB31B77EC3800AAABD1 /* MissionsListCompleted.m */,
				0EFC523B1B68624900FA4EE6 /* Mission.h */,
				0E375FB01B77E51300AAABD1 /* Mission.m */,
			);
			name = MIssions;
			sourceTree = "<group>";
		};
		0E68D4EA1B321FB900BC8DD0 = {
			isa = PBXGroup;
			children = (
				0EAA2BBE1C38B32E008EB9B1 /* QuartzCore.framework */,
				0E68D4F51B321FB900BC8DD0 /* Snag'em */,
				0E68D50F1B321FB900BC8DD0 /* Snag'emTests */,
				0E68D4F41B321FB900BC8DD0 /* Products */,
			);
			sourceTree = "<group>";
		};
		0E68D4F41B321FB900BC8DD0 /* Products */ = {
			isa = PBXGroup;
			children = (
				0E68D4F31B321FB900BC8DD0 /* Snag'em.app */,
				0E68D50C1B321FB900BC8DD0 /* Snag'emTests.xctest */,
			);
			name = Products;
			sourceTree = "<group>";
		};
		0E68D4F51B321FB900BC8DD0 /* Snag'em */ = {
			isa = PBXGroup;
			children = (
				0EAA2BBA1C370EF9008EB9B1 /* Network */,
				0E1DDCA81C33781D00E0C28F /* MIssions */,
				0E1DDCA71C3377EC00E0C28F /* Utilities */,
				0E1DDCA61C3377B500E0C28F /* Before Session */,
				0E1DDC8B1C2DD43D00E0C28F /* ProfileCells */,
				0E1DDC881C2DD0DA00E0C28F /* MyProfile.h */,
				0E1DDC891C2DD0DA00E0C28F /* MyProfile.m */,
				0EAA2BCE1C39C07B008EB9B1 /* Inbox.h */,
				0EAA2BCF1C39C07B008EB9B1 /* Inbox.m */,
				0EAA2BC21C39AE54008EB9B1 /* Events.h */,
				0EAA2BC31C39AE54008EB9B1 /* Events.m */,
				0EEFB1A61BE99FE600A47309 /* Teams.h */,
				0EEFB1A71BE99FE600A47309 /* Teams.m */,
				0E7359E91B5C4654002BFDD8 /* Mainpage.h */,
				0E7359EA1B5C4654002BFDD8 /* Mainpage.m */,
				0E9F7F161B334313001EF40F /* HowToPlay.h */,
				0E9F7F171B334313001EF40F /* HowToPlay.m */,
				0E68D4FA1B321FB900BC8DD0 /* AppDelegate.h */,
				0E68D4FB1B321FB900BC8DD0 /* AppDelegate.m */,
				0E79E8B41BDEB55700D83984 /* Options.h */,
				0E79E8B51BDEB55700D83984 /* Options.m */,
				0E68D5001B321FB900BC8DD0 /* Main.storyboard */,
				0E24AEF51C27359400236A8D /* SelectingTags.h */,
				0E24AEF61C27359400236A8D /* SelectingTags.m */,
				0E2FA5051BEA4992001AEB5B /* Tags.h */,
				0E2FA5061BEA4992001AEB5B /* Tags.m */,
				0E24AEE31C2723C300236A8D /* TagsViewController.h */,
				0E24AEE41C2723C300236A8D /* TagsViewController.m */,
				0E24AEE61C2723D800236A8D /* AddTagsViewController.h */,
				0E24AEE71C2723D800236A8D /* AddTagsViewController.m */,
				0E68D5031B321FB900BC8DD0 /* Images.xcassets */,
				0E68D5051B321FB900BC8DD0 /* LaunchScreen.xib */,
				0E68D4F61B321FB900BC8DD0 /* Supporting Files */,
			);
			path = "Snag'em";
			sourceTree = "<group>";
		};
		0E68D4F61B321FB900BC8DD0 /* Supporting Files */ = {
			isa = PBXGroup;
			children = (
				0EAA2BC01C38C7CA008EB9B1 /* messages.png */,
				0E1DDCA11C3058E800E0C28F /* no_avatar.png */,
				0E24AEE91C27297D00236A8D /* School.png */,
				0E24AEEA1C27297D00236A8D /* Reg.png */,
				0E24AEEB1C27297D00236A8D /* Hobbies.png */,
				0E24AEEC1C27297D00236A8D /* Quirky.png */,
				0E24AEED1C27297D00236A8D /* PrimarilyHere.png */,
				0E24AEEE1C27297D00236A8D /* MeetMe.png */,
				0E6E218F1C13D78500DFA22B /* Active Directory-25.png */,
				0EEFB1A41BE9959400A47309 /* zombie.png */,
				0EEFB1A01BE9958C00A47309 /* ninja.png */,
				0EEFB1A11BE9958C00A47309 /* pirate.png */,
				0EEFB19E1BE994E900A47309 /* bg3.png */,
				0EEFB1921BE992D500A47309 /* castle1.png */,
				0EEFB1931BE992D500A47309 /* castle2.png */,
				0EEFB1941BE992D500A47309 /* castle3.png */,
				0EEFB1951BE992D500A47309 /* castle4.png */,
				0EEFB1961BE992D500A47309 /* castle5.png */,
				0EEFB1971BE992D500A47309 /* castle6.png */,
				0E6E21851C13D6AE00DFA22B /* Exit-25.png */,
				0E6E21861C13D6AE00DFA22B /* Home-25.png */,
				0E6E21871C13D6AE00DFA22B /* Price Tag-25.png */,
				0E6E21881C13D6AE00DFA22B /* User Group-25.png */,
				0E6E21891C13D6AE00DFA22B /* User Male-25.png */,
				0EEFB18B1BE97BBF00A47309 /* reveal-icon.png */,
				0EEFB18C1BE97BBF00A47309 /* reveal-icon@2x.png */,
				0E7359EC1B5C524A002BFDD8 /* me.png */,
				0E375FBB1B78035900AAABD1 /* 18449-small-green-check-mark-clip-art.png */,
				0E7359EE1B5C7927002BFDD8 /* snaglogo2.png */,
				0E51224B1B5F22D300A47F85 /* snaglogo_120.png */,
				0E51224C1B5F22D300A47F85 /* snaglogo_180.png */,
				0E22FCB91B9E3732003E65B2 /* awesomeFace.png */,
				0E4A42971B70178F00A0C076 /* biotech.png */,
				0E4A42981B70178F00A0C076 /* cseducation.png */,
				0E4A42991B70178F00A0C076 /* cstheory.png */,
				0E4A429A1B70178F00A0C076 /* dbinfo-1.png */,
				0E4A429B1B70178F00A0C076 /* gaming.png */,
				0E4A429C1B70178F00A0C076 /* golden_mission.png */,
				0E4A429D1B70178F00A0C076 /* graphics.png */,
				0E4A429E1B70178F00A0C076 /* hardware.png */,
				0E4A429F1B70178F00A0C076 /* HCI.png */,
				0E4A42A01B70178F00A0C076 /* hobby_mission.png */,
				0E4A42A11B70178F00A0C076 /* me.png */,
				0E4A42A21B70178F00A0C076 /* microtech.png */,
				0E4A42A31B70178F00A0C076 /* mission.png */,
				0E4A42A41B70178F00A0C076 /* mobilewebdev.png */,
				0E4A42A51B70178F00A0C076 /* network_mission.png */,
				0E4A42A61B70178F00A0C076 /* network_tip.png */,
				0E4A42A71B70178F00A0C076 /* network.png */,
				0E4A42A81B70178F00A0C076 /* networkingsecurity.png */,
				0E4A42A91B70178F00A0C076 /* random_mission.png */,
				0E4A42AA1B70178F00A0C076 /* register.png */,
				0E4A42AB1B70178F00A0C076 /* robotics.png */,
				0E4A42AC1B70178F00A0C076 /* snag.png */,
				0E4A42AD1B70178F00A0C076 /* snaglogo.png */,
				0E4A42AE1B70178F00A0C076 /* snaglogo2.png */,
				0E4A42AF1B70178F00A0C076 /* sniper_mission.png */,
				0E4A42B01B70178F00A0C076 /* softwareengineering-1.png */,
				0E4A42B11B70178F00A0C076 /* softwareengineering-2.png */,
				0E4A42B21B70178F00A0C076 /* tag.png */,
				0E4A42B31B70178F00A0C076 /* team.png */,
				0E79E8AF1BDEB2A400D83984 /* schools.txt */,
				0E68D4F71B321FB900BC8DD0 /* Info.plist */,
				0E68D4F81B321FB900BC8DD0 /* main.m */,
			);
			name = "Supporting Files";
			sourceTree = "<group>";
		};
		0E68D50F1B321FB900BC8DD0 /* Snag'emTests */ = {
			isa = PBXGroup;
			children = (
				0E68D5121B321FB900BC8DD0 /* Snag_emTests.m */,
				0E68D5101B321FB900BC8DD0 /* Supporting Files */,
			);
			path = "Snag'emTests";
			sourceTree = "<group>";
		};
		0E68D5101B321FB900BC8DD0 /* Supporting Files */ = {
			isa = PBXGroup;
			children = (
				0E68D5111B321FB900BC8DD0 /* Info.plist */,
			);
			name = "Supporting Files";
			sourceTree = "<group>";
		};
		0EAA2BBA1C370EF9008EB9B1 /* Network */ = {
			isa = PBXGroup;
			children = (
				0EAA2BB71C370EE4008EB9B1 /* AddNote.h */,
				0EAA2BB81C370EE4008EB9B1 /* AddNote.m */,
				0E1DDCAC1C337C1900E0C28F /* NotesTableViewController.h */,
				0E1DDCAD1C337C1900E0C28F /* NotesTableViewController.m */,
				0E1DDCA91C33788200E0C28F /* Notes.h */,
				0E1DDCAA1C33788200E0C28F /* Notes.m */,
				0E1DDC9B1C30431400E0C28F /* Network.h */,
				0E1DDC9C1C30431400E0C28F /* Network.m */,
			);
			name = Network;
			sourceTree = "<group>";
		};
/* End PBXGroup section */

/* Begin PBXNativeTarget section */
		0E68D4F21B321FB900BC8DD0 /* Snag'em */ = {
			isa = PBXNativeTarget;
			buildConfigurationList = 0E68D5161B321FB900BC8DD0 /* Build configuration list for PBXNativeTarget "Snag'em" */;
			buildPhases = (
				0E68D4EF1B321FB900BC8DD0 /* Sources */,
				0E68D4F01B321FB900BC8DD0 /* Frameworks */,
				0E68D4F11B321FB900BC8DD0 /* Resources */,
			);
			buildRules = (
			);
			dependencies = (
			);
			name = "Snag'em";
			productName = "Snag'em";
			productReference = 0E68D4F31B321FB900BC8DD0 /* Snag'em.app */;
			productType = "com.apple.product-type.application";
		};
		0E68D50B1B321FB900BC8DD0 /* Snag'emTests */ = {
			isa = PBXNativeTarget;
			buildConfigurationList = 0E68D5191B321FB900BC8DD0 /* Build configuration list for PBXNativeTarget "Snag'emTests" */;
			buildPhases = (
				0E68D5081B321FB900BC8DD0 /* Sources */,
				0E68D5091B321FB900BC8DD0 /* Frameworks */,
				0E68D50A1B321FB900BC8DD0 /* Resources */,
			);
			buildRules = (
			);
			dependencies = (
				0E68D50E1B321FB900BC8DD0 /* PBXTargetDependency */,
			);
			name = "Snag'emTests";
			productName = "Snag'emTests";
			productReference = 0E68D50C1B321FB900BC8DD0 /* Snag'emTests.xctest */;
			productType = "com.apple.product-type.bundle.unit-test";
		};
/* End PBXNativeTarget section */

/* Begin PBXProject section */
		0E68D4EB1B321FB900BC8DD0 /* Project object */ = {
			isa = PBXProject;
			attributes = {
				LastUpgradeCheck = 0620;
				ORGANIZATIONNAME = NCSU;
				TargetAttributes = {
					0E68D4F21B321FB900BC8DD0 = {
						CreatedOnToolsVersion = 6.2;
						DevelopmentTeam = 56W2NPXKTS;
					};
					0E68D50B1B321FB900BC8DD0 = {
						CreatedOnToolsVersion = 6.2;
						TestTargetID = 0E68D4F21B321FB900BC8DD0;
					};
				};
			};
			buildConfigurationList = 0E68D4EE1B321FB900BC8DD0 /* Build configuration list for PBXProject "Snag'em" */;
			compatibilityVersion = "Xcode 3.2";
			developmentRegion = English;
			hasScannedForEncodings = 0;
			knownRegions = (
				en,
				Base,
			);
			mainGroup = 0E68D4EA1B321FB900BC8DD0;
			productRefGroup = 0E68D4F41B321FB900BC8DD0 /* Products */;
			projectDirPath = "";
			projectRoot = "";
			targets = (
				0E68D4F21B321FB900BC8DD0 /* Snag'em */,
				0E68D50B1B321FB900BC8DD0 /* Snag'emTests */,
			);
		};
/* End PBXProject section */

/* Begin PBXResourcesBuildPhase section */
		0E68D4F11B321FB900BC8DD0 /* Resources */ = {
			isa = PBXResourcesBuildPhase;
			buildActionMask = 2147483647;
			files = (
				0E4A42C71B70178F00A0C076 /* register.png in Resources */,
				0E4A42B51B70178F00A0C076 /* cseducation.png in Resources */,
				0E68D5021B321FB900BC8DD0 /* Main.storyboard in Resources */,
				0E4A42BA1B70178F00A0C076 /* graphics.png in Resources */,
				0E4A42CD1B70178F00A0C076 /* softwareengineering-1.png in Resources */,
				0EEFB1991BE992D500A47309 /* castle2.png in Resources */,
				0EEFB19F1BE994E900A47309 /* bg3.png in Resources */,
				0E4A42C61B70178F00A0C076 /* random_mission.png in Resources */,
				0E4A42B81B70178F00A0C076 /* gaming.png in Resources */,
				0EEFB1A51BE9959400A47309 /* zombie.png in Resources */,
				0EEFB1A21BE9958C00A47309 /* ninja.png in Resources */,
				0E4A42C81B70178F00A0C076 /* robotics.png in Resources */,
				0E7359EF1B5C7927002BFDD8 /* snaglogo2.png in Resources */,
				0E4A42B61B70178F00A0C076 /* cstheory.png in Resources */,
				0E4A42CA1B70178F00A0C076 /* snaglogo.png in Resources */,
				0E24AEF01C27297D00236A8D /* Reg.png in Resources */,
				0EEFB1A31BE9958C00A47309 /* pirate.png in Resources */,
				0E6E218C1C13D6AE00DFA22B /* Price Tag-25.png in Resources */,
				0E7359ED1B5C524A002BFDD8 /* me.png in Resources */,
				0E4A42B41B70178F00A0C076 /* biotech.png in Resources */,
				0EEFB1981BE992D500A47309 /* castle1.png in Resources */,
				0E4A42CB1B70178F00A0C076 /* snaglogo2.png in Resources */,
				0E4A42C31B70178F00A0C076 /* network_tip.png in Resources */,
				0E22FCBA1B9E3732003E65B2 /* awesomeFace.png in Resources */,
				0E4A42C41B70178F00A0C076 /* network.png in Resources */,
				0E24AEF31C27297D00236A8D /* PrimarilyHere.png in Resources */,
				0E51224E1B5F22D300A47F85 /* snaglogo_180.png in Resources */,
				0E24AEEF1C27297D00236A8D /* School.png in Resources */,
				0E6E218D1C13D6AE00DFA22B /* User Group-25.png in Resources */,
				0E4A42C01B70178F00A0C076 /* mission.png in Resources */,
				0EEFB19C1BE992D500A47309 /* castle5.png in Resources */,
				0E4A42B71B70178F00A0C076 /* dbinfo-1.png in Resources */,
				0EAA2BC11C38C7CA008EB9B1 /* messages.png in Resources */,
				0E4A42BF1B70178F00A0C076 /* microtech.png in Resources */,
				0E6E218A1C13D6AE00DFA22B /* Exit-25.png in Resources */,
				0E4A42C11B70178F00A0C076 /* mobilewebdev.png in Resources */,
				0E24AEF11C27297D00236A8D /* Hobbies.png in Resources */,
				0E4A42D01B70178F00A0C076 /* team.png in Resources */,
				0E4A42BE1B70178F00A0C076 /* me.png in Resources */,
				0EEFB19D1BE992D500A47309 /* castle6.png in Resources */,
				0E4A42C51B70178F00A0C076 /* networkingsecurity.png in Resources */,
				0E24AEF41C27297D00236A8D /* MeetMe.png in Resources */,
				0E68D5071B321FB900BC8DD0 /* LaunchScreen.xib in Resources */,
				0EEFB19B1BE992D500A47309 /* castle4.png in Resources */,
				0E68D5041B321FB900BC8DD0 /* Images.xcassets in Resources */,
				0E79E8B01BDEB2A400D83984 /* schools.txt in Resources */,
				0E6E218B1C13D6AE00DFA22B /* Home-25.png in Resources */,
				0E4A42C21B70178F00A0C076 /* network_mission.png in Resources */,
				0E375FBC1B78035900AAABD1 /* 18449-small-green-check-mark-clip-art.png in Resources */,
				0E4A42CC1B70178F00A0C076 /* sniper_mission.png in Resources */,
				0EEFB19A1BE992D500A47309 /* castle3.png in Resources */,
				0E4A42BB1B70178F00A0C076 /* hardware.png in Resources */,
				0E4A42CE1B70178F00A0C076 /* softwareengineering-2.png in Resources */,
				0E4A42CF1B70178F00A0C076 /* tag.png in Resources */,
				0E51224D1B5F22D300A47F85 /* snaglogo_120.png in Resources */,
				0E6E21901C13D78500DFA22B /* Active Directory-25.png in Resources */,
				0EEFB18E1BE97BBF00A47309 /* reveal-icon@2x.png in Resources */,
				0E4A42C91B70178F00A0C076 /* snag.png in Resources */,
				0E4A42B91B70178F00A0C076 /* golden_mission.png in Resources */,
				0E4A42BC1B70178F00A0C076 /* HCI.png in Resources */,
				0E1DDCA21C3058E800E0C28F /* no_avatar.png in Resources */,
				0E6E218E1C13D6AE00DFA22B /* User Male-25.png in Resources */,
				0E4A42BD1B70178F00A0C076 /* hobby_mission.png in Resources */,
				0E24AEF21C27297D00236A8D /* Quirky.png in Resources */,
				0EEFB18D1BE97BBF00A47309 /* reveal-icon.png in Resources */,
			);
			runOnlyForDeploymentPostprocessing = 0;
		};
		0E68D50A1B321FB900BC8DD0 /* Resources */ = {
			isa = PBXResourcesBuildPhase;
			buildActionMask = 2147483647;
			files = (
			);
			runOnlyForDeploymentPostprocessing = 0;
		};
/* End PBXResourcesBuildPhase section */

/* Begin PBXSourcesBuildPhase section */
		0E68D4EF1B321FB900BC8DD0 /* Sources */ = {
			isa = PBXSourcesBuildPhase;
			buildActionMask = 2147483647;
			files = (
				0E2FA5071BEA4992001AEB5B /* Tags.m in Sources */,
				0E79E8B61BDEB55700D83984 /* Options.m in Sources */,
				0E375FB41B77EC3800AAABD1 /* MissionsListCompleted.m in Sources */,
				0E24AEE51C2723C300236A8D /* TagsViewController.m in Sources */,
				0E0364661B487424009B3650 /* FavoritesViewController.m in Sources */,
				0E68D4FF1B321FB900BC8DD0 /* ViewController.m in Sources */,
				0E1DDCA01C3043AF00E0C28F /* Network_List.m in Sources */,
				0EAA2BBD1C38399C008EB9B1 /* iCarousel.m in Sources */,
				0EAA2BCA1C39BFD7008EB9B1 /* Inbox_Message.m in Sources */,
				0E9F7F151B334204001EF40F /* PageContentViewController.m in Sources */,
				0E8856BA1B38BCA6005925D9 /* Register.m in Sources */,
				0EEFB1A81BE99FE600A47309 /* Teams.m in Sources */,
				0E1DDC9A1C2F80BE00E0C28F /* Info.m in Sources */,
				0EAA2BC71C39AE7F008EB9B1 /* Event.m in Sources */,
				0EAA2BB91C370EE4008EB9B1 /* AddNote.m in Sources */,
				0E24AEE81C2723D800236A8D /* AddTagsViewController.m in Sources */,
				0E7359E21B5C0645002BFDD8 /* MBProgressHUD.m in Sources */,
				0E1DDC911C2EF7B100E0C28F /* Badges.m in Sources */,
				0E9F7F181B334313001EF40F /* HowToPlay.m in Sources */,
				0E375FB11B77E51300AAABD1 /* Mission.m in Sources */,
				0EAA2BD01C39C07B008EB9B1 /* Inbox.m in Sources */,
				0E1DDC8A1C2DD0DA00E0C28F /* MyProfile.m in Sources */,
				0E24AEF71C27359400236A8D /* SelectingTags.m in Sources */,
				0EAA2BC41C39AE54008EB9B1 /* Events.m in Sources */,
				0E7359EB1B5C4654002BFDD8 /* Mainpage.m in Sources */,
				0EAA2BD91C3CA9ED008EB9B1 /* Pre_Register.m in Sources */,
				0E1DDCAE1C337C1900E0C28F /* NotesTableViewController.m in Sources */,
				0E1DDCAB1C33788200E0C28F /* Notes.m in Sources */,
				0EAA2BB61C370095008EB9B1 /* Note.m in Sources */,
				0EEFB1911BE98CA600A47309 /* SWRevealViewController.m in Sources */,
				0E1DDC8E1C2DD47400E0C28F /* Avitar.m in Sources */,
				0E8856BD1B38CD6A005925D9 /* TableViewCell.m in Sources */,
				0E68D4FC1B321FB900BC8DD0 /* AppDelegate.m in Sources */,
				0EE32D1C1B366172007F813B /* SignInViewController.m in Sources */,
				0EE114EA1B6995B4004D0C17 /* MissionsList.m in Sources */,
				0E1DDC9D1C30431400E0C28F /* Network.m in Sources */,
				0E68D4F91B321FB900BC8DD0 /* main.m in Sources */,
			);
			runOnlyForDeploymentPostprocessing = 0;
		};
		0E68D5081B321FB900BC8DD0 /* Sources */ = {
			isa = PBXSourcesBuildPhase;
			buildActionMask = 2147483647;
			files = (
				0E68D5131B321FB900BC8DD0 /* Snag_emTests.m in Sources */,
			);
			runOnlyForDeploymentPostprocessing = 0;
		};
/* End PBXSourcesBuildPhase section */

/* Begin PBXTargetDependency section */
		0E68D50E1B321FB900BC8DD0 /* PBXTargetDependency */ = {
			isa = PBXTargetDependency;
			target = 0E68D4F21B321FB900BC8DD0 /* Snag'em */;
			targetProxy = 0E68D50D1B321FB900BC8DD0 /* PBXContainerItemProxy */;
		};
/* End PBXTargetDependency section */

/* Begin PBXVariantGroup section */
		0E68D5001B321FB900BC8DD0 /* Main.storyboard */ = {
			isa = PBXVariantGroup;
			children = (
				0E68D5011B321FB900BC8DD0 /* Base */,
			);
			name = Main.storyboard;
			sourceTree = "<group>";
		};
		0E68D5051B321FB900BC8DD0 /* LaunchScreen.xib */ = {
			isa = PBXVariantGroup;
			children = (
				0E68D5061B321FB900BC8DD0 /* Base */,
			);
			name = LaunchScreen.xib;
			sourceTree = "<group>";
		};
/* End PBXVariantGroup section */

/* Begin XCBuildConfiguration section */
		0E68D5141B321FB900BC8DD0 /* Debug */ = {
			isa = XCBuildConfiguration;
			buildSettings = {
				ALWAYS_SEARCH_USER_PATHS = NO;
				CLANG_CXX_LANGUAGE_STANDARD = "gnu++0x";
				CLANG_CXX_LIBRARY = "libc++";
				CLANG_ENABLE_MODULES = YES;
				CLANG_ENABLE_OBJC_ARC = YES;
				CLANG_WARN_BOOL_CONVERSION = YES;
				CLANG_WARN_CONSTANT_CONVERSION = YES;
				CLANG_WARN_DIRECT_OBJC_ISA_USAGE = YES_ERROR;
				CLANG_WARN_EMPTY_BODY = YES;
				CLANG_WARN_ENUM_CONVERSION = YES;
				CLANG_WARN_INT_CONVERSION = YES;
				CLANG_WARN_OBJC_ROOT_CLASS = YES_ERROR;
				CLANG_WARN_UNREACHABLE_CODE = YES;
				CLANG_WARN__DUPLICATE_METHOD_MATCH = YES;
				"CODE_SIGN_IDENTITY[sdk=iphoneos*]" = "iPhone Developer";
				COPY_PHASE_STRIP = NO;
				ENABLE_STRICT_OBJC_MSGSEND = YES;
				GCC_C_LANGUAGE_STANDARD = gnu99;
				GCC_DYNAMIC_NO_PIC = NO;
				GCC_OPTIMIZATION_LEVEL = 0;
				GCC_PREPROCESSOR_DEFINITIONS = (
					"DEBUG=1",
					"$(inherited)",
				);
				GCC_SYMBOLS_PRIVATE_EXTERN = NO;
				GCC_WARN_64_TO_32_BIT_CONVERSION = YES;
				GCC_WARN_ABOUT_RETURN_TYPE = YES_ERROR;
				GCC_WARN_UNDECLARED_SELECTOR = YES;
				GCC_WARN_UNINITIALIZED_AUTOS = YES_AGGRESSIVE;
				GCC_WARN_UNUSED_FUNCTION = YES;
				GCC_WARN_UNUSED_VARIABLE = YES;
				IPHONEOS_DEPLOYMENT_TARGET = 8.2;
				MTL_ENABLE_DEBUG_INFO = YES;
				ONLY_ACTIVE_ARCH = YES;
				SDKROOT = iphoneos;
			};
			name = Debug;
		};
		0E68D5151B321FB900BC8DD0 /* Release */ = {
			isa = XCBuildConfiguration;
			buildSettings = {
				ALWAYS_SEARCH_USER_PATHS = NO;
				CLANG_CXX_LANGUAGE_STANDARD = "gnu++0x";
				CLANG_CXX_LIBRARY = "libc++";
				CLANG_ENABLE_MODULES = YES;
				CLANG_ENABLE_OBJC_ARC = YES;
				CLANG_WARN_BOOL_CONVERSION = YES;
				CLANG_WARN_CONSTANT_CONVERSION = YES;
				CLANG_WARN_DIRECT_OBJC_ISA_USAGE = YES_ERROR;
				CLANG_WARN_EMPTY_BODY = YES;
				CLANG_WARN_ENUM_CONVERSION = YES;
				CLANG_WARN_INT_CONVERSION = YES;
				CLANG_WARN_OBJC_ROOT_CLASS = YES_ERROR;
				CLANG_WARN_UNREACHABLE_CODE = YES;
				CLANG_WARN__DUPLICATE_METHOD_MATCH = YES;
				"CODE_SIGN_IDENTITY[sdk=iphoneos*]" = "iPhone Developer";
				COPY_PHASE_STRIP = NO;
				ENABLE_NS_ASSERTIONS = NO;
				ENABLE_STRICT_OBJC_MSGSEND = YES;
				GCC_C_LANGUAGE_STANDARD = gnu99;
				GCC_WARN_64_TO_32_BIT_CONVERSION = YES;
				GCC_WARN_ABOUT_RETURN_TYPE = YES_ERROR;
				GCC_WARN_UNDECLARED_SELECTOR = YES;
				GCC_WARN_UNINITIALIZED_AUTOS = YES_AGGRESSIVE;
				GCC_WARN_UNUSED_FUNCTION = YES;
				GCC_WARN_UNUSED_VARIABLE = YES;
				IPHONEOS_DEPLOYMENT_TARGET = 8.2;
				MTL_ENABLE_DEBUG_INFO = NO;
				SDKROOT = iphoneos;
				VALIDATE_PRODUCT = YES;
			};
			name = Release;
		};
		0E68D5171B321FB900BC8DD0 /* Debug */ = {
			isa = XCBuildConfiguration;
			buildSettings = {
				ASSETCATALOG_COMPILER_APPICON_NAME = AppIcon;
				CODE_SIGN_IDENTITY = "iPhone Developer";
				"CODE_SIGN_IDENTITY[sdk=iphoneos*]" = "iPhone Developer";
				INFOPLIST_FILE = "Snag'em/Info.plist";
				LD_RUNPATH_SEARCH_PATHS = "$(inherited) @executable_path/Frameworks";
				PRODUCT_NAME = "$(TARGET_NAME)";
				PROVISIONING_PROFILE = "";
			};
			name = Debug;
		};
		0E68D5181B321FB900BC8DD0 /* Release */ = {
			isa = XCBuildConfiguration;
			buildSettings = {
				ASSETCATALOG_COMPILER_APPICON_NAME = AppIcon;
				CODE_SIGN_IDENTITY = "iPhone Developer";
				"CODE_SIGN_IDENTITY[sdk=iphoneos*]" = "iPhone Developer";
				INFOPLIST_FILE = "Snag'em/Info.plist";
				LD_RUNPATH_SEARCH_PATHS = "$(inherited) @executable_path/Frameworks";
				PRODUCT_NAME = "$(TARGET_NAME)";
				PROVISIONING_PROFILE = "";
			};
			name = Release;
		};
		0E68D51A1B321FB900BC8DD0 /* Debug */ = {
			isa = XCBuildConfiguration;
			buildSettings = {
				BUNDLE_LOADER = "$(TEST_HOST)";
				FRAMEWORK_SEARCH_PATHS = (
					"$(SDKROOT)/Developer/Library/Frameworks",
					"$(inherited)",
				);
				GCC_PREPROCESSOR_DEFINITIONS = (
					"DEBUG=1",
					"$(inherited)",
				);
				INFOPLIST_FILE = "Snag'emTests/Info.plist";
				LD_RUNPATH_SEARCH_PATHS = "$(inherited) @executable_path/Frameworks @loader_path/Frameworks";
				PRODUCT_NAME = "$(TARGET_NAME)";
				TEST_HOST = "$(BUILT_PRODUCTS_DIR)/Snag'em.app/Snag'em";
			};
			name = Debug;
		};
		0E68D51B1B321FB900BC8DD0 /* Release */ = {
			isa = XCBuildConfiguration;
			buildSettings = {
				BUNDLE_LOADER = "$(TEST_HOST)";
				FRAMEWORK_SEARCH_PATHS = (
					"$(SDKROOT)/Developer/Library/Frameworks",
					"$(inherited)",
				);
				INFOPLIST_FILE = "Snag'emTests/Info.plist";
				LD_RUNPATH_SEARCH_PATHS = "$(inherited) @executable_path/Frameworks @loader_path/Frameworks";
				PRODUCT_NAME = "$(TARGET_NAME)";
				TEST_HOST = "$(BUILT_PRODUCTS_DIR)/Snag'em.app/Snag'em";
			};
			name = Release;
		};
/* End XCBuildConfiguration section */

/* Begin XCConfigurationList section */
		0E68D4EE1B321FB900BC8DD0 /* Build configuration list for PBXProject "Snag'em" */ = {
			isa = XCConfigurationList;
			buildConfigurations = (
				0E68D5141B321FB900BC8DD0 /* Debug */,
				0E68D5151B321FB900BC8DD0 /* Release */,
			);
			defaultConfigurationIsVisible = 0;
			defaultConfigurationName = Release;
		};
		0E68D5161B321FB900BC8DD0 /* Build configuration list for PBXNativeTarget "Snag'em" */ = {
			isa = XCConfigurationList;
			buildConfigurations = (
				0E68D5171B321FB900BC8DD0 /* Debug */,
				0E68D5181B321FB900BC8DD0 /* Release */,
			);
			defaultConfigurationIsVisible = 0;
			defaultConfigurationName = Release;
		};
		0E68D5191B321FB900BC8DD0 /* Build configuration list for PBXNativeTarget "Snag'emTests" */ = {
			isa = XCConfigurationList;
			buildConfigurations = (
				0E68D51A1B321FB900BC8DD0 /* Debug */,
				0E68D51B1B321FB900BC8DD0 /* Release */,
			);
			defaultConfigurationIsVisible = 0;
			defaultConfigurationName = Release;
		};
/* End XCConfigurationList section */
	};
	rootObject = 0E68D4EB1B321FB900BC8DD0 /* Project object */;
}
